PODS:
  - FastEasyMapping (1.0.2)
  - MBProgressHUD (0.9.2)
  - MMDrawerController (0.5.7):
    - MMDrawerController/Core (= 0.5.7)
    - MMDrawerController/MMDrawerBarButtonItem (= 0.5.7)
    - MMDrawerController/MMDrawerVisualStates (= 0.5.7)
    - MMDrawerController/Subclass (= 0.5.7)
  - MMDrawerController/Core (0.5.7)
  - MMDrawerController/MMDrawerBarButtonItem (0.5.7):
    - MMDrawerController/Core
  - MMDrawerController/MMDrawerVisualStates (0.5.7):
    - MMDrawerController/Core
  - MMDrawerController/Subclass (0.5.7):
    - MMDrawerController/Core

DEPENDENCIES:
  - FastEasyMapping (~> 1.0)
  - MBProgressHUD (~> 0.9.2)
  - MMDrawerController (~> 0.5.7)

SPEC CHECKSUMS:
  FastEasyMapping: 77d566a817ca73304af3e7fbed130850238f1cb4
  MBProgressHUD: 1569cf7ace17a8bac47aabfbb8580a49690386d1
  MMDrawerController: 7a4cf8e25596bf2434e03ce50d22a8608ddee6a1

COCOAPODS: 0.39.0
