
Microsoft Visual Studio Solution File, Format Version 12.00
# Visual Studio 14
VisualStudioVersion = 14.0.24720.0
MinimumVisualStudioVersion = 10.0.40219.1
Project("{FAE04EC0-301F-11D3-BF4B-00C04F79EFBC}") = "Procurable", "Procurable\Procurable.csproj", "{C84BFEB6-F1FC-4B82-8CC8-D6C5E09094BA}"
EndProject
Project("{FAE04EC0-301F-11D3-BF4B-00C04F79EFBC}") = "ContinuousJob", "ContinuousJob\ContinuousJob.csproj", "{D0EA5673-BFD7-4614-9E8A-01291A340830}"
EndProject
Global
	GlobalSection(SolutionConfigurationPlatforms) = preSolution
		Debug|Any CPU = Debug|Any CPU
		Release|Any CPU = Release|Any CPU
	EndGlobalSection
	GlobalSection(ProjectConfigurationPlatforms) = postSolution
		{C84BFEB6-F1FC-4B82-8CC8-D6C5E09094BA}.Debug|Any CPU.ActiveCfg = Debug|Any CPU
		{C84BFEB6-F1FC-4B82-8CC8-D6C5E09094BA}.Debug|Any CPU.Build.0 = Debug|Any CPU
		{C84BFEB6-F1FC-4B82-8CC8-D6C5E09094BA}.Release|Any CPU.ActiveCfg = Release|Any CPU
		{C84BFEB6-F1FC-4B82-8CC8-D6C5E09094BA}.Release|Any CPU.Build.0 = Release|Any CPU
		{D0EA5673-BFD7-4614-9E8A-01291A340830}.Debug|Any CPU.ActiveCfg = Debug|Any CPU
		{D0EA5673-BFD7-4614-9E8A-01291A340830}.Debug|Any CPU.Build.0 = Debug|Any CPU
		{D0EA5673-BFD7-4614-9E8A-01291A340830}.Release|Any CPU.ActiveCfg = Release|Any CPU
		{D0EA5673-BFD7-4614-9E8A-01291A340830}.Release|Any CPU.Build.0 = Release|Any CPU
	EndGlobalSection
	GlobalSection(SolutionProperties) = preSolution
		HideSolutionNode = FALSE
	EndGlobalSection
EndGlobal
